Microsoft Visual Studio Solution File, Format Version 9.00
# Visual Studio 2005
Project("{F184B08F-C81C-45F6-A57F-5ABD9991F28F}") = "SLE4418_4428", "SLE4418_4428.vbproj", "{1DEBD3C9-0AA5-4D34-A93E-045E89A7C956}"
EndProject
Global
	GlobalSection(SolutionConfigurationPlatforms) = preSolution
		Debug|Any CPU = Debug|Any CPU
		Release|Any CPU = Release|Any CPU
	EndGlobalSection
	GlobalSection(ProjectConfigurationPlatforms) = postSolution
		{1DEBD3C9-0AA5-4D34-A93E-045E89A7C956}.Debug|Any CPU.ActiveCfg = Debug|Any CPU
		{1DEBD3C9-0AA5-4D34-A93E-045E89A7C956}.Debug|Any CPU.Build.0 = Debug|Any CPU
		{1DEBD3C9-0AA5-4D34-A93E-045E89A7C956}.Release|Any CPU.ActiveCfg = Release|Any CPU
		{1DEBD3C9-0AA5-4D34-A93E-045E89A7C956}.Release|Any CPU.Build.0 = Release|Any CPU
	EndGlobalSection
	GlobalSection(SolutionProperties) = preSolution
		HideSolutionNode = FALSE
	EndGlobalSection
EndGlobal
