Microsoft Visual Studio Solution File, Format Version 8.00
Project("{F184B08F-C81C-45F6-A57F-5ABD9991F28F}") = "SLE4418_4428", "SLE4418_4428.vbproj", "{1DEBD3C9-0AA5-4D34-A93E-045E89A7C956}"
	ProjectSection(ProjectDependencies) = postProject
	EndProjectSection
EndProject
Global
	GlobalSection(SolutionConfiguration) = preSolution
		Debug = Debug
		Release = Release
	EndGlobalSection
	GlobalSection(ProjectConfiguration) = postSolution
		{1DEBD3C9-0AA5-4D34-A93E-045E89A7C956}.Debug.ActiveCfg = Debug|.NET
		{1DEBD3C9-0AA5-4D34-A93E-045E89A7C956}.Debug.Build.0 = Debug|.NET
		{1DEBD3C9-0AA5-4D34-A93E-045E89A7C956}.Release.ActiveCfg = Release|.NET
		{1DEBD3C9-0AA5-4D34-A93E-045E89A7C956}.Release.Build.0 = Release|.NET
	EndGlobalSection
	GlobalSection(ExtensibilityGlobals) = postSolution
	EndGlobalSection
	GlobalSection(ExtensibilityAddIns) = postSolution
	EndGlobalSection
EndGlobal
