<?xml version="1.0" encoding="utf-8"?>
<Project ToolsVersion="4.0" xmlns="http://schemas.microsoft.com/developer/msbuild/2003">
  <ItemGroup>
    <ClCompile Include="entry.cpp" />
    <ClCompile Include="Classes\CLogging.cpp">
      <Filter>Classes</Filter>
    </ClCompile>
    <ClCompile Include="Classes\CSMARTHopper.cpp">
      <Filter>Classes</Filter>
    </ClCompile>
  </ItemGroup>
  <ItemGroup>
    <Filter Include="Classes">
      <UniqueIdentifier>{266f22ee-d23e-43fd-b47c-10c32897830b}</UniqueIdentifier>
    </Filter>
    <Filter Include="Includes">
      <UniqueIdentifier>{f82f9d93-7ab1-4ec2-b9a4-01b983eac3e1}</UniqueIdentifier>
    </Filter>
  </ItemGroup>
  <ItemGroup>
    <ClInclude Include="Includes\Commands.h">
      <Filter>Includes</Filter>
    </ClInclude>
    <ClInclude Include="Includes\IO.h">
      <Filter>Includes</Filter>
    </ClInclude>
    <ClInclude Include="Includes\SSPInclude.h">
      <Filter>Includes</Filter>
    </ClInclude>
    <ClInclude Include="Classes\CLogging.h">
      <Filter>Classes</Filter>
    </ClInclude>
    <ClInclude Include="Classes\CSMARTHopper.h">
      <Filter>Classes</Filter>
    </ClInclude>
  </ItemGroup>
</Project>