Microsoft Visual Studio Solution File, Format Version 9.00
# Visual Studio 2005
Project("{FAE04EC0-301F-11D3-BF4B-00C04F79EFBC}") = "ACOSMutualAuthentication", "ACOSMutualAuthentication.csproj", "{C0CF52D7-F5AA-4A2C-B5ED-8C4A96F4E688}"
EndProject
Global
	GlobalSection(SolutionConfigurationPlatforms) = preSolution
		Debug|Any CPU = Debug|Any CPU
		Release|Any CPU = Release|Any CPU
	EndGlobalSection
	GlobalSection(ProjectConfigurationPlatforms) = postSolution
		{C0CF52D7-F5AA-4A2C-B5ED-8C4A96F4E688}.Debug|Any CPU.ActiveCfg = Debug|Any CPU
		{C0CF52D7-F5AA-4A2C-B5ED-8C4A96F4E688}.Debug|Any CPU.Build.0 = Debug|Any CPU
		{C0CF52D7-F5AA-4A2C-B5ED-8C4A96F4E688}.Release|Any CPU.ActiveCfg = Release|Any CPU
		{C0CF52D7-F5AA-4A2C-B5ED-8C4A96F4E688}.Release|Any CPU.Build.0 = Release|Any CPU
	EndGlobalSection
	GlobalSection(SolutionProperties) = preSolution
		HideSolutionNode = FALSE
	EndGlobalSection
EndGlobal
