<?xml version="1.0" encoding="utf-8"?>
<Project ToolsVersion="4.0" xmlns="http://schemas.microsoft.com/developer/msbuild/2003">
  <ItemGroup>
    <Filter Include="Includes">
      <UniqueIdentifier>{4d688983-24c8-45cf-b05a-6255d65378c1}</UniqueIdentifier>
    </Filter>
    <Filter Include="Classes">
      <UniqueIdentifier>{25149512-0f1e-4b0f-9dd7-c8ac715b0e50}</UniqueIdentifier>
    </Filter>
  </ItemGroup>
  <ItemGroup>
    <ClInclude Include="Includes\Commands.h">
      <Filter>Includes</Filter>
    </ClInclude>
    <ClInclude Include="Includes\IO.h">
      <Filter>Includes</Filter>
    </ClInclude>
    <ClInclude Include="Includes\SSPInclude.h">
      <Filter>Includes</Filter>
    </ClInclude>
    <ClInclude Include="Classes\CLogging.h">
      <Filter>Classes</Filter>
    </ClInclude>
    <ClInclude Include="Classes\CNV11.h">
      <Filter>Classes</Filter>
    </ClInclude>
  </ItemGroup>
  <ItemGroup>
    <ClCompile Include="Classes\CLogging.cpp">
      <Filter>Classes</Filter>
    </ClCompile>
    <ClCompile Include="Classes\CNV11.cpp">
      <Filter>Classes</Filter>
    </ClCompile>
    <ClCompile Include="entry.cpp" />
  </ItemGroup>
</Project>